# This file is autogenerated, do not edit; changes may be undone by the next 'dep ensure'.


[[projects]]
  digest = "1:b39cf81d5f440b9c0757a25058432d33af867e5201109bf53621356d9dab4b73"
  name = "git.apache.org/thrift.git"
  packages = ["lib/go/thrift"]
  pruneopts = "UT"
  revision = "384647d290e2e4a55a14b1b7ef1b7e66293a2c33"
  version = "v0.12.0"

[[projects]]
  digest = "1:f9ae348e1f793dcf9ed930ed47136a67343dbd6809c5c91391322267f4476892"
  name = "github.com/Microsoft/go-winio"
  packages = ["."]
  pruneopts = "UT"
  revision = "1a8911d1ed007260465c3bfbbc785ac6915a0bb8"
  version = "v0.4.12"

[[projects]]
  branch = "master"
  digest = "1:186d12af0dab89da2cde780702420c3bc84bc06065e82062ab8e5f556555761e"
  name = "github.com/kolide/osquery-go"
  packages = [
    ".",
    "gen/osquery",
    "plugin/table",
    "transport",
  ]
  pruneopts = "UT"
  revision = "be0a8de4cf1d32b0e06dc867f0af55d00cfdfda0"

[[projects]]
  digest = "1:cf31692c14422fa27c83a05292eb5cbe0fb2775972e8f1f8446a71549bd8980b"
  name = "github.com/pkg/errors"
  packages = ["."]
  pruneopts = "UT"
  revision = "ba968bfe8b2f7e042a574c888954fccecfa385b4"
  version = "v0.8.1"

[[projects]]
  branch = "master"
  digest = "1:20fedb06f9be7a6ab010b567f7d4210d83667a4eae058b16fa5fad6a1caa6831"
  name = "golang.org/x/sys"
  packages = ["windows"]
  pruneopts = "UT"
  revision = "8097e1b27ff5e40620836729a9584e91b094b062"

[[projects]]
  branch = "v3"
  digest = "1:e11e6a71536a7120d56ea0c0cbfb4cf2b24b328f3982e8d03ce6939f7fe8b14c"
  name = "gopkg.in/yaml.v3"
  packages = ["."]
  pruneopts = "UT"
  revision = "55513cacd4ae8b250e3a9084ab9d8c407b1ed618"

[solve-meta]
  analyzer-name = "dep"
  analyzer-version = 1
  input-imports = [
    "github.com/kolide/osquery-go",
    "github.com/kolide/osquery-go/plugin/table",
    "gopkg.in/yaml.v3",
  ]
  solver-name = "gps-cdcl"
  solver-version = 1
