# This file is autogenerated, do not edit; changes may be undone by the next 'dep ensure'.


[[projects]]
  digest = "1:b39cf81d5f440b9c0757a25058432d33af867e5201109bf53621356d9dab4b73"
  name = "git.apache.org/thrift.git"
  packages = ["lib/go/thrift"]
  pruneopts = "UT"
  revision = "384647d290e2e4a55a14b1b7ef1b7e66293a2c33"
  version = "v0.12.0"

[[projects]]
  digest = "1:f9ae348e1f793dcf9ed930ed47136a67343dbd6809c5c91391322267f4476892"
  name = "github.com/Microsoft/go-winio"
  packages = ["."]
  pruneopts = "UT"
  revision = "1a8911d1ed007260465c3bfbbc785ac6915a0bb8"
  version = "v0.4.12"

[[projects]]
  branch = "master"
  digest = "1:186d12af0dab89da2cde780702420c3bc84bc06065e82062ab8e5f556555761e"
  name = "github.com/kolide/osquery-go"
  packages = [
    ".",
    "gen/osquery",
    "plugin/table",
    "transport",
  ]
  pruneopts = "UT"
  revision = "be0a8de4cf1d32b0e06dc867f0af55d00cfdfda0"

[[projects]]
  digest = "1:cf31692c14422fa27c83a05292eb5cbe0fb2775972e8f1f8446a71549bd8980b"
  name = "github.com/pkg/errors"
  packages = ["."]
  pruneopts = "UT"
  revision = "ba968bfe8b2f7e042a574c888954fccecfa385b4"
  version = "v0.8.1"

[[projects]]
  branch = "master"
  digest = "1:9a9f34bd97755aff6190207edf4603692990594308ec9814892518a06eba9bf0"
  name = "golang.org/x/sys"
  packages = ["windows"]
  pruneopts = "UT"
  revision = "c432e742b0af385916e013f6a34e9e73d139cf82"

[[projects]]
  digest = "1:4d2e5a73dc1500038e504a8d78b986630e3626dc027bc030ba5c75da257cdb96"
  name = "gopkg.in/yaml.v2"
  packages = ["."]
  pruneopts = "UT"
  revision = "51d6538a90f86fe93ac480b35f37b2be17fef232"
  version = "v2.2.2"

[solve-meta]
  analyzer-name = "dep"
  analyzer-version = 1
  input-imports = [
    "github.com/kolide/osquery-go",
    "github.com/kolide/osquery-go/plugin/table",
    "gopkg.in/yaml.v2",
  ]
  solver-name = "gps-cdcl"
  solver-version = 1
